{
  "name": "20260414172540",
  "lockfileVersion": 3,
  "requires": true,
  "packages": {
    "": {
      "dependencies": {
        "agent-browser": "^0.25.4"
      }
    },
    "node_modules/agent-browser": {
      "version": "0.25.4",
      "resolved": "https://registry.npmjs.org/agent-browser/-/agent-browser-0.25.4.tgz",
      "integrity": "sha512-vl4tzDAk5+pJ2g8eMWWzZOLJ2yevJDN3YQ1gcSdN3GKPI0RwNr+T/2PxqSxsipiREu0oid2yxFJIoQ6NMrq/fQ==",
      "hasInstallScript": true,
      "license": "Apache-2.0",
      "bin": {
        "agent-browser": "bin/agent-browser.js"
      }
    }
  }
}
